// !$*UTF8*$!
{
	archiveVersion = 1;
	classes = {
	};
	objectVersion = 50;
	objects = {

/* Begin PBXBuildFile section */
		90FA22C621A2887D0004D9DF /* AppDelegate.swift in Sources */ = {isa = PBXBuildFile; fileRef = 90FA22C521A2887D0004D9DF /* AppDelegate.swift */; };
		90FA22CC21A2887D0004D9DF /* GameScene.swift in Sources */ = {isa = PBXBuildFile; fileRef = 90FA22CB21A2887D0004D9DF /* GameScene.swift */; };
		90FA22CE21A2887D0004D9DF /* GameViewController.swift in Sources */ = {isa = PBXBuildFile; fileRef = 90FA22CD21A2887D0004D9DF /* GameViewController.swift */; };
		90FA22D121A2887D0004D9DF /* Main.storyboard in Resources */ = {isa = PBXBuildFile; fileRef = 90FA22CF21A2887D0004D9DF /* Main.storyboard */; };
		90FA22D321A288980004D9DF /* Assets.xcassets in Resources */ = {isa = PBXBuildFile; fileRef = 90FA22D221A288980004D9DF /* Assets.xcassets */; };
		90FA22D621A288980004D9DF /* LaunchScreen.storyboard in Resources */ = {isa = PBXBuildFile; fileRef = 90FA22D421A288980004D9DF /* LaunchScreen.storyboard */; };
		90FA22E221A295C10004D9DF /* Settings.swift in Sources */ = {isa = PBXBuildFile; fileRef = 90FA22E121A295C10004D9DF /* Settings.swift */; };
		90FA22E421A2B08E0004D9DF /* MenuScene.swift in Sources */ = {isa = PBXBuildFile; fileRef = 90FA22E321A2B08E0004D9DF /* MenuScene.swift */; };
		90FA22E621A2B9C70004D9DF /* bling.wav in Resources */ = {isa = PBXBuildFile; fileRef = 90FA22E521A2B9C70004D9DF /* bling.wav */; };
/* End PBXBuildFile section */

/* Begin PBXFileReference section */
		90FA22C221A2887C0004D9DF /* ColorSwitch.app */ = {isa = PBXFileReference; explicitFileType = wrapper.application; includeInIndex = 0; path = ColorSwitch.app; sourceTree = BUILT_PRODUCTS_DIR; };
		90FA22C521A2887D0004D9DF /* AppDelegate.swift */ = {isa = PBXFileReference; lastKnownFileType = sourcecode.swift; path = AppDelegate.swift; sourceTree = "<group>"; };
		90FA22CB21A2887D0004D9DF /* GameScene.swift */ = {isa = PBXFileReference; lastKnownFileType = sourcecode.swift; path = GameScene.swift; sourceTree = "<group>"; };
		90FA22CD21A2887D0004D9DF /* GameViewController.swift */ = {isa = PBXFileReference; lastKnownFileType = sourcecode.swift; path = GameViewController.swift; sourceTree = "<group>"; };
		90FA22D021A2887D0004D9DF /* Base */ = {isa = PBXFileReference; lastKnownFileType = file.storyboard; name = Base; path = Base.lproj/Main.storyboard; sourceTree = "<group>"; };
		90FA22D221A288980004D9DF /* Assets.xcassets */ = {isa = PBXFileReference; lastKnownFileType = folder.assetcatalog; path = Assets.xcassets; sourceTree = "<group>"; };
		90FA22D521A288980004D9DF /* Base */ = {isa = PBXFileReference; lastKnownFileType = file.storyboard; name = Base; path = Base.lproj/LaunchScreen.storyboard; sourceTree = "<group>"; };
		90FA22D721A288980004D9DF /* Info.plist */ = {isa = PBXFileReference; lastKnownFileType = text.plist.xml; path = Info.plist; sourceTree = "<group>"; };
		90FA22E121A295C10004D9DF /* Settings.swift */ = {isa = PBXFileReference; lastKnownFileType = sourcecode.swift; path = Settings.swift; sourceTree = "<group>"; };
		90FA22E321A2B08E0004D9DF /* MenuScene.swift */ = {isa = PBXFileReference; lastKnownFileType = sourcecode.swift; path = MenuScene.swift; sourceTree = "<group>"; };
		90FA22E521A2B9C70004D9DF /* bling.wav */ = {isa = PBXFileReference; lastKnownFileType = audio.wav; path = bling.wav; sourceTree = "<group>"; };
/* End PBXFileReference section */

/* Begin PBXFrameworksBuildPhase section */
		90FA22BF21A2887C0004D9DF /* Frameworks */ = {
			isa = PBXFrameworksBuildPhase;
			buildActionMask = 2147483647;
			files = (
			);
			runOnlyForDeploymentPostprocessing = 0;
		};
/* End PBXFrameworksBuildPhase section */

/* Begin PBXGroup section */
		90FA22B921A2887B0004D9DF = {
			isa = PBXGroup;
			children = (
				90FA22C421A2887C0004D9DF /* ColorSwitch */,
				90FA22C321A2887C0004D9DF /* Products */,
			);
			sourceTree = "<group>";
		};
		90FA22C321A2887C0004D9DF /* Products */ = {
			isa = PBXGroup;
			children = (
				90FA22C221A2887C0004D9DF /* ColorSwitch.app */,
			);
			name = Products;
			sourceTree = "<group>";
		};
		90FA22C421A2887C0004D9DF /* ColorSwitch */ = {
			isa = PBXGroup;
			children = (
				90FA22E521A2B9C70004D9DF /* bling.wav */,
				90FA22E021A291A70004D9DF /* Assets */,
				90FA22DF21A291950004D9DF /* Template */,
				90FA22DE21A2917E0004D9DF /* Scenes */,
				90FA22DD21A291550004D9DF /* ViewController */,
				90FA22D721A288980004D9DF /* Info.plist */,
			);
			path = ColorSwitch;
			sourceTree = "<group>";
		};
		90FA22DD21A291550004D9DF /* ViewController */ = {
			isa = PBXGroup;
			children = (
				90FA22CD21A2887D0004D9DF /* GameViewController.swift */,
			);
			path = ViewController;
			sourceTree = "<group>";
		};
		90FA22DE21A2917E0004D9DF /* Scenes */ = {
			isa = PBXGroup;
			children = (
				90FA22CB21A2887D0004D9DF /* GameScene.swift */,
				90FA22E321A2B08E0004D9DF /* MenuScene.swift */,
			);
			path = Scenes;
			sourceTree = "<group>";
		};
		90FA22DF21A291950004D9DF /* Template */ = {
			isa = PBXGroup;
			children = (
				90FA22C521A2887D0004D9DF /* AppDelegate.swift */,
				90FA22E121A295C10004D9DF /* Settings.swift */,
			);
			path = Template;
			sourceTree = "<group>";
		};
		90FA22E021A291A70004D9DF /* Assets */ = {
			isa = PBXGroup;
			children = (
				90FA22CF21A2887D0004D9DF /* Main.storyboard */,
				90FA22D221A288980004D9DF /* Assets.xcassets */,
				90FA22D421A288980004D9DF /* LaunchScreen.storyboard */,
			);
			path = Assets;
			sourceTree = "<group>";
		};
/* End PBXGroup section */

/* Begin PBXNativeTarget section */
		90FA22C121A2887C0004D9DF /* ColorSwitch */ = {
			isa = PBXNativeTarget;
			buildConfigurationList = 90FA22DA21A288980004D9DF /* Build configuration list for PBXNativeTarget "ColorSwitch" */;
			buildPhases = (
				90FA22BE21A2887C0004D9DF /* Sources */,
				90FA22BF21A2887C0004D9DF /* Frameworks */,
				90FA22C021A2887C0004D9DF /* Resources */,
			);
			buildRules = (
			);
			dependencies = (
			);
			name = ColorSwitch;
			productName = ColorSwitch;
			productReference = 90FA22C221A2887C0004D9DF /* ColorSwitch.app */;
			productType = "com.apple.product-type.application";
		};
/* End PBXNativeTarget section */

/* Begin PBXProject section */
		90FA22BA21A2887B0004D9DF /* Project object */ = {
			isa = PBXProject;
			attributes = {
				LastSwiftUpdateCheck = 1010;
				LastUpgradeCheck = 1010;
				ORGANIZATIONNAME = rocketstorm;
				TargetAttributes = {
					90FA22C121A2887C0004D9DF = {
						CreatedOnToolsVersion = 10.1;
					};
				};
			};
			buildConfigurationList = 90FA22BD21A2887B0004D9DF /* Build configuration list for PBXProject "ColorSwitch" */;
			compatibilityVersion = "Xcode 9.3";
			developmentRegion = en;
			hasScannedForEncodings = 0;
			knownRegions = (
				en,
				Base,
			);
			mainGroup = 90FA22B921A2887B0004D9DF;
			productRefGroup = 90FA22C321A2887C0004D9DF /* Products */;
			projectDirPath = "";
			projectRoot = "";
			targets = (
				90FA22C121A2887C0004D9DF /* ColorSwitch */,
			);
		};
/* End PBXProject section */

/* Begin PBXResourcesBuildPhase section */
		90FA22C021A2887C0004D9DF /* Resources */ = {
			isa = PBXResourcesBuildPhase;
			buildActionMask = 2147483647;
			files = (
				90FA22D121A2887D0004D9DF /* Main.storyboard in Resources */,
				90FA22E621A2B9C70004D9DF /* bling.wav in Resources */,
				90FA22D321A288980004D9DF /* Assets.xcassets in Resources */,
				90FA22D621A288980004D9DF /* LaunchScreen.storyboard in Resources */,
			);
			runOnlyForDeploymentPostprocessing = 0;
		};
/* End PBXResourcesBuildPhase section */

/* Begin PBXSourcesBuildPhase section */
		90FA22BE21A2887C0004D9DF /* Sources */ = {
			isa = PBXSourcesBuildPhase;
			buildActionMask = 2147483647;
			files = (
				90FA22CC21A2887D0004D9DF /* GameScene.swift in Sources */,
				90FA22CE21A2887D0004D9DF /* GameViewController.swift in Sources */,
				90FA22E421A2B08E0004D9DF /* MenuScene.swift in Sources */,
				90FA22E221A295C10004D9DF /* Settings.swift in Sources */,
				90FA22C621A2887D0004D9DF /* AppDelegate.swift in Sources */,
			);
			runOnlyForDeploymentPostprocessing = 0;
		};
/* End PBXSourcesBuildPhase section */

/* Begin PBXVariantGroup section */
		90FA22CF21A2887D0004D9DF /* Main.storyboard */ = {
			isa = PBXVariantGroup;
			children = (
				90FA22D021A2887D0004D9DF /* Base */,
			);
			name = Main.storyboard;
			sourceTree = "<group>";
		};
		90FA22D421A288980004D9DF /* LaunchScreen.storyboard */ = {
			isa = PBXVariantGroup;
			children = (
				90FA22D521A288980004D9DF /* Base */,
			);
			name = LaunchScreen.storyboard;
			sourceTree = "<group>";
		};
/* End PBXVariantGroup section */

/* Begin XCBuildConfiguration section */
		90FA22D821A288980004D9DF /* Debug */ = {
			isa = XCBuildConfiguration;
			buildSettings = {
				ALWAYS_SEARCH_USER_PATHS = NO;
				CLANG_ANALYZER_NONNULL = YES;
				CLANG_ANALYZER_NUMBER_OBJECT_CONVERSION = YES_AGGRESSIVE;
				CLANG_CXX_LANGUAGE_STANDARD = "gnu++14";
				CLANG_CXX_LIBRARY = "libc++";
				CLANG_ENABLE_MODULES = YES;
				CLANG_ENABLE_OBJC_ARC = YES;
				CLANG_ENABLE_OBJC_WEAK = YES;
				CLANG_WARN_BLOCK_CAPTURE_AUTORELEASING = YES;
				CLANG_WARN_BOOL_CONVERSION = YES;
				CLANG_WARN_COMMA = YES;
				CLANG_WARN_CONSTANT_CONVERSION = YES;
				CLANG_WARN_DEPRECATED_OBJC_IMPLEMENTATIONS = YES;
				CLANG_WARN_DIRECT_OBJC_ISA_USAGE = YES_ERROR;
				CLANG_WARN_DOCUMENTATION_COMMENTS = YES;
				CLANG_WARN_EMPTY_BODY = YES;
				CLANG_WARN_ENUM_CONVERSION = YES;
				CLANG_WARN_INFINITE_RECURSION = YES;
				CLANG_WARN_INT_CONVERSION = YES;
				CLANG_WARN_NON_LITERAL_NULL_CONVERSION = YES;
				CLANG_WARN_OBJC_IMPLICIT_RETAIN_SELF = YES;
				CLANG_WARN_OBJC_LITERAL_CONVERSION = YES;
				CLANG_WARN_OBJC_ROOT_CLASS = YES_ERROR;
				CLANG_WARN_RANGE_LOOP_ANALYSIS = YES;
				CLANG_WARN_STRICT_PROTOTYPES = YES;
				CLANG_WARN_SUSPICIOUS_MOVE = YES;
				CLANG_WARN_UNGUARDED_AVAILABILITY = YES_AGGRESSIVE;
				CLANG_WARN_UNREACHABLE_CODE = YES;
				CLANG_WARN__DUPLICATE_METHOD_MATCH = YES;
				CODE_SIGN_IDENTITY = "iPhone Developer";
				COPY_PHASE_STRIP = NO;
				DEBUG_INFORMATION_FORMAT = dwarf;
				ENABLE_STRICT_OBJC_MSGSEND = YES;
				ENABLE_TESTABILITY = YES;
				GCC_C_LANGUAGE_STANDARD = gnu11;
				GCC_DYNAMIC_NO_PIC = NO;
				GCC_NO_COMMON_BLOCKS = YES;
				GCC_OPTIMIZATION_LEVEL = 0;
				GCC_PREPROCESSOR_DEFINITIONS = (
					"DEBUG=1",
					"$(inherited)",
				);
				GCC_WARN_64_TO_32_BIT_CONVERSION = YES;
				GCC_WARN_ABOUT_RETURN_TYPE = YES_ERROR;
				GCC_WARN_UNDECLARED_SELECTOR = YES;
				GCC_WARN_UNINITIALIZED_AUTOS = YES_AGGRESSIVE;
				GCC_WARN_UNUSED_FUNCTION = YES;
				GCC_WARN_UNUSED_VARIABLE = YES;
				IPHONEOS_DEPLOYMENT_TARGET = 12.1;
				MTL_ENABLE_DEBUG_INFO = INCLUDE_SOURCE;
				MTL_FAST_MATH = YES;
				ONLY_ACTIVE_ARCH = YES;
				SDKROOT = iphoneos;
				SWIFT_ACTIVE_COMPILATION_CONDITIONS = DEBUG;
				SWIFT_OPTIMIZATION_LEVEL = "-Onone";
			};
			name = Debug;
		};
		90FA22D921A288980004D9DF /* Release */ = {
			isa = XCBuildConfiguration;
			buildSettings = {
				ALWAYS_SEARCH_USER_PATHS = NO;
				CLANG_ANALYZER_NONNULL = YES;
				CLANG_ANALYZER_NUMBER_OBJECT_CONVERSION = YES_AGGRESSIVE;
				CLANG_CXX_LANGUAGE_STANDARD = "gnu++14";
				CLANG_CXX_LIBRARY = "libc++";
				CLANG_ENABLE_MODULES = YES;
				CLANG_ENABLE_OBJC_ARC = YES;
				CLANG_ENABLE_OBJC_WEAK = YES;
				CLANG_WARN_BLOCK_CAPTURE_AUTORELEASING = YES;
				CLANG_WARN_BOOL_CONVERSION = YES;
				CLANG_WARN_COMMA = YES;
				CLANG_WARN_CONSTANT_CONVERSION = YES;
				CLANG_WARN_DEPRECATED_OBJC_IMPLEMENTATIONS = YES;
				CLANG_WARN_DIRECT_OBJC_ISA_USAGE = YES_ERROR;
				CLANG_WARN_DOCUMENTATION_COMMENTS = YES;
				CLANG_WARN_EMPTY_BODY = YES;
				CLANG_WARN_ENUM_CONVERSION = YES;
				CLANG_WARN_INFINITE_RECURSION = YES;
				CLANG_WARN_INT_CONVERSION = YES;
				CLANG_WARN_NON_LITERAL_NULL_CONVERSION = YES;
				CLANG_WARN_OBJC_IMPLICIT_RETAIN_SELF = YES;
				CLANG_WARN_OBJC_LITERAL_CONVERSION = YES;
				CLANG_WARN_OBJC_ROOT_CLASS = YES_ERROR;
				CLANG_WARN_RANGE_LOOP_ANALYSIS = YES;
				CLANG_WARN_STRICT_PROTOTYPES = YES;
				CLANG_WARN_SUSPICIOUS_MOVE = YES;
				CLANG_WARN_UNGUARDED_AVAILABILITY = YES_AGGRESSIVE;
				CLANG_WARN_UNREACHABLE_CODE = YES;
				CLANG_WARN__DUPLICATE_METHOD_MATCH = YES;
				CODE_SIGN_IDENTITY = "iPhone Developer";
				COPY_PHASE_STRIP = NO;
				DEBUG_INFORMATION_FORMAT = "dwarf-with-dsym";
				ENABLE_NS_ASSERTIONS = NO;
				ENABLE_STRICT_OBJC_MSGSEND = YES;
				GCC_C_LANGUAGE_STANDARD = gnu11;
				GCC_NO_COMMON_BLOCKS = YES;
				GCC_WARN_64_TO_32_BIT_CONVERSION = YES;
				GCC_WARN_ABOUT_RETURN_TYPE = YES_ERROR;
				GCC_WARN_UNDECLARED_SELECTOR = YES;
				GCC_WARN_UNINITIALIZED_AUTOS = YES_AGGRESSIVE;
				GCC_WARN_UNUSED_FUNCTION = YES;
				GCC_WARN_UNUSED_VARIABLE = YES;
				IPHONEOS_DEPLOYMENT_TARGET = 12.1;
				MTL_ENABLE_DEBUG_INFO = NO;
				MTL_FAST_MATH = YES;
				SDKROOT = iphoneos;
				SWIFT_COMPILATION_MODE = wholemodule;
				SWIFT_OPTIMIZATION_LEVEL = "-O";
				VALIDATE_PRODUCT = YES;
			};
			name = Release;
		};
		90FA22DB21A288980004D9DF /* Debug */ = {
			isa = XCBuildConfiguration;
			buildSettings = {
				ASSETCATALOG_COMPILER_APPICON_NAME = AppIcon;
				CODE_SIGN_STYLE = Automatic;
				DEVELOPMENT_TEAM = KCPHPX3X29;
				INFOPLIST_FILE = ColorSwitch/Info.plist;
				LD_RUNPATH_SEARCH_PATHS = (
					"$(inherited)",
					"@executable_path/Frameworks",
				);
				PRODUCT_BUNDLE_IDENTIFIER = com.rocketstorm.ColorSwitch;
				PRODUCT_NAME = "$(TARGET_NAME)";
				SWIFT_VERSION = 4.2;
				TARGETED_DEVICE_FAMILY = "1,2";
			};
			name = Debug;
		};
		90FA22DC21A288980004D9DF /* Release */ = {
			isa = XCBuildConfiguration;
			buildSettings = {
				ASSETCATALOG_COMPILER_APPICON_NAME = AppIcon;
				CODE_SIGN_STYLE = Automatic;
				DEVELOPMENT_TEAM = KCPHPX3X29;
				INFOPLIST_FILE = ColorSwitch/Info.plist;
				LD_RUNPATH_SEARCH_PATHS = (
					"$(inherited)",
					"@executable_path/Frameworks",
				);
				PRODUCT_BUNDLE_IDENTIFIER = com.rocketstorm.ColorSwitch;
				PRODUCT_NAME = "$(TARGET_NAME)";
				SWIFT_VERSION = 4.2;
				TARGETED_DEVICE_FAMILY = "1,2";
			};
			name = Release;
		};
/* End XCBuildConfiguration section */

/* Begin XCConfigurationList section */
		90FA22BD21A2887B0004D9DF /* Build configuration list for PBXProject "ColorSwitch" */ = {
			isa = XCConfigurationList;
			buildConfigurations = (
				90FA22D821A288980004D9DF /* Debug */,
				90FA22D921A288980004D9DF /* Release */,
			);
			defaultConfigurationIsVisible = 0;
			defaultConfigurationName = Release;
		};
		90FA22DA21A288980004D9DF /* Build configuration list for PBXNativeTarget "ColorSwitch" */ = {
			isa = XCConfigurationList;
			buildConfigurations = (
				90FA22DB21A288980004D9DF /* Debug */,
				90FA22DC21A288980004D9DF /* Release */,
			);
			defaultConfigurationIsVisible = 0;
			defaultConfigurationName = Release;
		};
/* End XCConfigurationList section */
	};
	rootObject = 90FA22BA21A2887B0004D9DF /* Project object */;
}
